fennel	1.1.0-1	installed	/mnt/c/Users/maher/projects/golden-god/.luarocks/lib/luarocks/rocks-5.1
fun	0.1.3-1	installed	/mnt/c/Users/maher/projects/golden-god/.luarocks/lib/luarocks/rocks-5.1
hump	0.4-2	installed	/mnt/c/Users/maher/projects/golden-god/.luarocks/lib/luarocks/rocks-5.1
luaunit	3.4-1	installed	/mnt/c/Users/maher/projects/golden-god/.luarocks/lib/luarocks/rocks-5.1
lume	2.3.0-0	installed	/mnt/c/Users/maher/projects/golden-god/.luarocks/lib/luarocks/rocks-5.1
